# This file is automatically @generated by Poetry and should not be changed by hand.

[[package]]
name = "cloudpickle"
version = "2.2.0"
description = "Extended pickling support for Python objects"
category = "main"
optional = false
python-versions = ">=3.6"
files = [
    {file = "cloudpickle-2.2.0-py3-none-any.whl", hash = "sha256:7428798d5926d8fcbfd092d18d01a2a03daf8237d8fcdc8095d256b8490796f0"},
    {file = "cloudpickle-2.2.0.tar.gz", hash = "sha256:3f4219469c55453cfe4737e564b67c2a149109dabf7f242478948b895f61106f"},
]

[[package]]
name = "gymnasium"
version = "0.27.0"
description = "A standard API for reinforcement learning and a diverse set of reference environments (formerly Gym)."
category = "main"
optional = false
python-versions = ">=3.7"
files = [
    {file = "gymnasium-0.27.0-py3-none-any.whl", hash = "sha256:40cf994bba24a1d574bf2c2ec53ecbd0dc924e584314c08fb4f94f2c45495fbf"},
    {file = "gymnasium-0.27.0.tar.gz", hash = "sha256:a2af8c9687a3d779f2ffee7d469013884c0ef8c7364866aa419a8372f2d39cc4"},
]

[package.dependencies]
cloudpickle = ">=1.2.0"
gymnasium-notices = ">=0.0.1"
jax-jumpy = ">=0.2.0"
numpy = ">=1.21.0"
shimmy = ">=0.1.0,<1.0"
typing-extensions = ">=4.3.0"

[package.extras]
accept-rom-license = ["autorom[accept-rom-license] (>=0.4.2,<0.5.0)"]
all = ["box2d-py (==2.3.5)", "imageio (>=2.14.1)", "jax (==0.3.24)", "jaxlib (==0.3.24)", "lz4 (>=3.1.0)", "matplotlib (>=3.0)", "moviepy (>=1.0.0)", "mujoco (>=2.3.1.post1)", "mujoco-py (>=2.1,<2.2)", "opencv-python (>=3.0)", "pygame (==2.1.3.dev8)", "shimmy[atari] (>=0.1.0,<1.0)", "swig (>=4.0.0,<5.0.0)", "torch (>=1.0.0)"]
atari = ["shimmy[atari] (>=0.1.0,<1.0)"]
box2d = ["box2d-py (==2.3.5)", "pygame (==2.1.3.dev8)", "swig (>=4.0.0,<5.0.0)"]
classic-control = ["pygame (==2.1.3.dev8)", "pygame (==2.1.3.dev8)"]
jax = ["jax (==0.3.24)", "jaxlib (==0.3.24)"]
mujoco = ["imageio (>=2.14.1)", "mujoco (>=2.3.1.post1)"]
mujoco-py = ["mujoco-py (>=2.1,<2.2)", "mujoco-py (>=2.1,<2.2)"]
other = ["lz4 (>=3.1.0)", "matplotlib (>=3.0)", "moviepy (>=1.0.0)", "opencv-python (>=3.0)", "torch (>=1.0.0)"]
testing = ["pytest (==7.1.3)"]
toy-text = ["pygame (==2.1.3.dev8)", "pygame (==2.1.3.dev8)"]

[[package]]
name = "gymnasium-notices"
version = "0.0.1"
description = "Notices for gymnasium"
category = "main"
optional = false
python-versions = "*"
files = [
    {file = "gymnasium-notices-0.0.1.tar.gz", hash = "sha256:3e8c868046f56dea84c949cc7e97383cccfab27152fc3f4968754e4c9c087ab9"},
    {file = "gymnasium_notices-0.0.1-py3-none-any.whl", hash = "sha256:be68c8399e88b554b6db1eb3c484b00f229cbe5c930f64f6ae9cd1a6e93db1c5"},
]

[[package]]
name = "jax-jumpy"
version = "0.2.0"
description = "Common backend for JAX or numpy."
category = "main"
optional = false
python-versions = ">=3.7"
files = [
    {file = "jax_jumpy-0.2.0-py3-none-any.whl", hash = "sha256:eaa7587e3fda30278011ca4e815bf9ac6b71db29502c0fa15908eb532c206a9e"},
    {file = "jax_jumpy-0.2.0.tar.gz", hash = "sha256:8ffe4e7609461d13decc97269ff48a3ee8d7570c96cbcc82487f893a3dd65093"},
]

[package.dependencies]
numpy = ">=1.18.0"

[package.extras]
jax = ["jax (>=0.3.24)", "jaxlib (>=0.3.24)"]
testing = ["pytest (==7.1.3)"]

[[package]]
name = "numpy"
version = "1.23.5"
description = "NumPy is the fundamental package for array computing with Python."
category = "main"
optional = false
python-versions = ">=3.8"
files = [
    {file = "numpy-1.23.5-cp310-cp310-macosx_10_9_x86_64.whl", hash = "sha256:9c88793f78fca17da0145455f0d7826bcb9f37da4764af27ac945488116efe63"},
    {file = "numpy-1.23.5-cp310-cp310-macosx_11_0_arm64.whl", hash = "sha256:e9f4c4e51567b616be64e05d517c79a8a22f3606499941d97bb76f2ca59f982d"},
    {file = "numpy-1.23.5-cp310-cp310-manylinux_2_17_aarch64.manylinux2014_aarch64.whl", hash = "sha256:7903ba8ab592b82014713c491f6c5d3a1cde5b4a3bf116404e08f5b52f6daf43"},
    {file = "numpy-1.23.5-cp310-cp310-manylinux_2_17_x86_64.manylinux2014_x86_64.whl", hash = "sha256:5e05b1c973a9f858c74367553e236f287e749465f773328c8ef31abe18f691e1"},
    {file = "numpy-1.23.5-cp310-cp310-win32.whl", hash = "sha256:522e26bbf6377e4d76403826ed689c295b0b238f46c28a7251ab94716da0b280"},
    {file = "numpy-1.23.5-cp310-cp310-win_amd64.whl", hash = "sha256:dbee87b469018961d1ad79b1a5d50c0ae850000b639bcb1b694e9981083243b6"},
    {file = "numpy-1.23.5-cp311-cp311-macosx_10_9_x86_64.whl", hash = "sha256:ce571367b6dfe60af04e04a1834ca2dc5f46004ac1cc756fb95319f64c095a96"},
    {file = "numpy-1.23.5-cp311-cp311-macosx_11_0_arm64.whl", hash = "sha256:56e454c7833e94ec9769fa0f86e6ff8e42ee38ce0ce1fa4cbb747ea7e06d56aa"},
    {file = "numpy-1.23.5-cp311-cp311-manylinux_2_17_aarch64.manylinux2014_aarch64.whl", hash = "sha256:5039f55555e1eab31124a5768898c9e22c25a65c1e0037f4d7c495a45778c9f2"},
    {file = "numpy-1.23.5-cp311-cp311-manylinux_2_17_x86_64.manylinux2014_x86_64.whl", hash = "sha256:58f545efd1108e647604a1b5aa809591ccd2540f468a880bedb97247e72db387"},
    {file = "numpy-1.23.5-cp311-cp311-win32.whl", hash = "sha256:b2a9ab7c279c91974f756c84c365a669a887efa287365a8e2c418f8b3ba73fb0"},
    {file = "numpy-1.23.5-cp311-cp311-win_amd64.whl", hash = "sha256:0cbe9848fad08baf71de1a39e12d1b6310f1d5b2d0ea4de051058e6e1076852d"},
    {file = "numpy-1.23.5-cp38-cp38-macosx_10_9_x86_64.whl", hash = "sha256:f063b69b090c9d918f9df0a12116029e274daf0181df392839661c4c7ec9018a"},
    {file = "numpy-1.23.5-cp38-cp38-macosx_11_0_arm64.whl", hash = "sha256:0aaee12d8883552fadfc41e96b4c82ee7d794949e2a7c3b3a7201e968c7ecab9"},
    {file = "numpy-1.23.5-cp38-cp38-manylinux_2_17_aarch64.manylinux2014_aarch64.whl", hash = "sha256:92c8c1e89a1f5028a4c6d9e3ccbe311b6ba53694811269b992c0b224269e2398"},
    {file = "numpy-1.23.5-cp38-cp38-manylinux_2_17_x86_64.manylinux2014_x86_64.whl", hash = "sha256:d208a0f8729f3fb790ed18a003f3a57895b989b40ea4dce4717e9cf4af62c6bb"},
    {file = "numpy-1.23.5-cp38-cp38-win32.whl", hash = "sha256:06005a2ef6014e9956c09ba07654f9837d9e26696a0470e42beedadb78c11b07"},
    {file = "numpy-1.23.5-cp38-cp38-win_amd64.whl", hash = "sha256:ca51fcfcc5f9354c45f400059e88bc09215fb71a48d3768fb80e357f3b457e1e"},
    {file = "numpy-1.23.5-cp39-cp39-macosx_10_9_x86_64.whl", hash = "sha256:8969bfd28e85c81f3f94eb4a66bc2cf1dbdc5c18efc320af34bffc54d6b1e38f"},
    {file = "numpy-1.23.5-cp39-cp39-macosx_11_0_arm64.whl", hash = "sha256:a7ac231a08bb37f852849bbb387a20a57574a97cfc7b6cabb488a4fc8be176de"},
    {file = "numpy-1.23.5-cp39-cp39-manylinux_2_17_aarch64.manylinux2014_aarch64.whl", hash = "sha256:bf837dc63ba5c06dc8797c398db1e223a466c7ece27a1f7b5232ba3466aafe3d"},
    {file = "numpy-1.23.5-cp39-cp39-manylinux_2_17_x86_64.manylinux2014_x86_64.whl", hash = "sha256:33161613d2269025873025b33e879825ec7b1d831317e68f4f2f0f84ed14c719"},
    {file = "numpy-1.23.5-cp39-cp39-win32.whl", hash = "sha256:af1da88f6bc3d2338ebbf0e22fe487821ea4d8e89053e25fa59d1d79786e7481"},
    {file = "numpy-1.23.5-cp39-cp39-win_amd64.whl", hash = "sha256:09b7847f7e83ca37c6e627682f145856de331049013853f344f37b0c9690e3df"},
    {file = "numpy-1.23.5-pp38-pypy38_pp73-macosx_10_9_x86_64.whl", hash = "sha256:abdde9f795cf292fb9651ed48185503a2ff29be87770c3b8e2a14b0cd7aa16f8"},
    {file = "numpy-1.23.5-pp38-pypy38_pp73-manylinux_2_17_x86_64.manylinux2014_x86_64.whl", hash = "sha256:f9a909a8bae284d46bbfdefbdd4a262ba19d3bc9921b1e76126b1d21c3c34135"},
    {file = "numpy-1.23.5-pp38-pypy38_pp73-win_amd64.whl", hash = "sha256:01dd17cbb340bf0fc23981e52e1d18a9d4050792e8fb8363cecbf066a84b827d"},
    {file = "numpy-1.23.5.tar.gz", hash = "sha256:1b1766d6f397c18153d40015ddfc79ddb715cabadc04d2d228d4e5a8bc4ded1a"},
]

[[package]]
name = "pettingzoo"
version = "1.22.2"
description = "Gymnasium for multi-agent reinforcement learning"
category = "main"
optional = false
python-versions = ">=3.7, <3.11"
files = [
    {file = "PettingZoo-1.22.2-py3-none-any.whl", hash = "sha256:451894fda00ab313d184fcaab3f7c8f45b6acc73b39d7d58a497660f282e7307"},
    {file = "PettingZoo-1.22.2.tar.gz", hash = "sha256:ce0d3902e111f30cdd27c8d03633f1bd999232a225e85b2ed5cf89af3f7fb96d"},
]

[package.dependencies]
gymnasium = ">=0.26.0"
numpy = ">=1.18.0"

[package.extras]
all = ["AutoROM", "bandit", "box2d-py (==2.3.5)", "chess (==1.7.0)", "codespell", "flake8", "hanabi-learning-environment (==0.0.4)", "isort", "multi-agent-ale-py (==0.1.11)", "pillow (>=8.0.1)", "pre-commit", "pygame (==2.1.0)", "pymunk (==6.2.0)", "pynput", "pytest", "pytest-cov", "rlcard (==1.0.5)", "scipy (>=1.4.1)"]
atari = ["multi-agent-ale-py (==0.1.11)", "pygame (==2.1.0)"]
butterfly = ["pygame (==2.1.0)", "pymunk (==6.2.0)"]
classic = ["chess (==1.7.0)", "hanabi-learning-environment (==0.0.4)", "pygame (==2.1.0)", "rlcard (==1.0.5)"]
mpe = ["pygame (==2.1.0)"]
other = ["pillow (>=8.0.1)"]
sisl = ["box2d-py (==2.3.5)", "pygame (==2.1.0)", "scipy (>=1.4.1)"]
tests = ["AutoROM", "bandit", "codespell", "flake8", "isort", "pre-commit", "pynput", "pytest", "pytest-cov"]

[[package]]
name = "shimmy"
version = "0.2.0"
description = "API for converting popular non-gymnasium environments to a gymnasium compatible environment."
category = "main"
optional = false
python-versions = ">=3.7"
files = [
    {file = "Shimmy-0.2.0-py3-none-any.whl", hash = "sha256:44ae4518509e5611eb4d5cc15b80f0ac23fe8ff034151d463c633ba7b8394e08"},
    {file = "Shimmy-0.2.0.tar.gz", hash = "sha256:1e0e098b7e6ab91ee0c48de6f5fbc6de6308314706656fad323b624dca1c4b60"},
]

[package.dependencies]
gymnasium = ">=0.27.0"
numpy = ">=1.18.0"

[package.extras]
all = ["ale-py (>=0.8.0,<0.9.0)", "dm-control (>=1.0.8)", "gym (>=0.26)", "h5py (>=3.7.0)", "imageio", "open-spiel (>=1.2)", "pettingzoo (>=1.22)"]
atari = ["ale-py (>=0.8.0,<0.9.0)"]
dm-control = ["dm-control (>=1.0.8)", "h5py (>=3.7.0)", "imageio"]
dm-control-multi-agent = ["dm-control (>=1.0.8)", "pettingzoo (>=1.22)"]
gym = ["gym (>=0.26)"]
openspiel = ["open-spiel (>=1.2)", "pettingzoo (>=1.22)"]
testing = ["autorom[accept-rom-license] (>=0.4.2,<0.5.0)", "pillow (>=9.3.0)", "pytest (==7.1.3)"]

[[package]]
name = "typing-extensions"
version = "4.4.0"
description = "Backported and Experimental Type Hints for Python 3.7+"
category = "main"
optional = false
python-versions = ">=3.7"
files = [
    {file = "typing_extensions-4.4.0-py3-none-any.whl", hash = "sha256:16fa4864408f655d35ec496218b85f79b3437c829e93320c7c9215ccfd92489e"},
    {file = "typing_extensions-4.4.0.tar.gz", hash = "sha256:1511434bb92bf8dd198c12b1cc812e800d4181cfcb867674e0f8279cc93087aa"},
]

[metadata]
lock-version = "2.0"
python-versions = ">=3.10,<3.11"
content-hash = "5f72fc09f2074397f9dd383a34c195ee42a958bb0add53f8baf4d9704b08272a"
